
Microsoft Visual Studio Solution File, Format Version 12.00
# Visual Studio Version 16
VisualStudioVersion = 16.0.30804.86
MinimumVisualStudioVersion = 10.0.40219.1
Project("{9A19103F-16F7-4668-BE54-9A1E7A4F7556}") = "BackEnd", "BackEnd\BackEnd.csproj", "{AB3E56BF-1DFC-466C-88D3-556995F016B7}"
	ProjectSection(ProjectDependencies) = postProject
		{12522572-8FA2-4D24-8E35-2152B909CE27} = {12522572-8FA2-4D24-8E35-2152B909CE27}
	EndProjectSection
EndProject
Project("{9A19103F-16F7-4668-BE54-9A1E7A4F7556}") = "DataAccess", "DataAccess\DataAccess.csproj", "{12522572-8FA2-4D24-8E35-2152B909CE27}"
EndProject
Project("{9A19103F-16F7-4668-BE54-9A1E7A4F7556}") = "BackgroundService", "BackgroundService\BackgroundService.csproj", "{5230EEA0-D132-42EF-AEAB-7952CEDAE128}"
EndProject
Project("{9A19103F-16F7-4668-BE54-9A1E7A4F7556}") = "Tests", "Tests\Tests.csproj", "{9A4681A3-FACC-452C-BD8F-72B3FBEC33FA}"
EndProject
Project("{9A19103F-16F7-4668-BE54-9A1E7A4F7556}") = "UI", "UI\UI.csproj", "{42D36988-B9B8-4D97-B78B-470D8DA7F7BB}"
EndProject
Global
	GlobalSection(SolutionConfigurationPlatforms) = preSolution
		Debug|Any CPU = Debug|Any CPU
		Release|Any CPU = Release|Any CPU
	EndGlobalSection
	GlobalSection(ProjectConfigurationPlatforms) = postSolution
		{AB3E56BF-1DFC-466C-88D3-556995F016B7}.Debug|Any CPU.ActiveCfg = Debug|Any CPU
		{AB3E56BF-1DFC-466C-88D3-556995F016B7}.Debug|Any CPU.Build.0 = Debug|Any CPU
		{AB3E56BF-1DFC-466C-88D3-556995F016B7}.Release|Any CPU.ActiveCfg = Release|Any CPU
		{AB3E56BF-1DFC-466C-88D3-556995F016B7}.Release|Any CPU.Build.0 = Release|Any CPU
		{12522572-8FA2-4D24-8E35-2152B909CE27}.Debug|Any CPU.ActiveCfg = Debug|Any CPU
		{12522572-8FA2-4D24-8E35-2152B909CE27}.Debug|Any CPU.Build.0 = Debug|Any CPU
		{12522572-8FA2-4D24-8E35-2152B909CE27}.Release|Any CPU.ActiveCfg = Release|Any CPU
		{12522572-8FA2-4D24-8E35-2152B909CE27}.Release|Any CPU.Build.0 = Release|Any CPU
		{5230EEA0-D132-42EF-AEAB-7952CEDAE128}.Debug|Any CPU.ActiveCfg = Debug|Any CPU
		{5230EEA0-D132-42EF-AEAB-7952CEDAE128}.Debug|Any CPU.Build.0 = Debug|Any CPU
		{5230EEA0-D132-42EF-AEAB-7952CEDAE128}.Release|Any CPU.ActiveCfg = Release|Any CPU
		{5230EEA0-D132-42EF-AEAB-7952CEDAE128}.Release|Any CPU.Build.0 = Release|Any CPU
		{9A4681A3-FACC-452C-BD8F-72B3FBEC33FA}.Debug|Any CPU.ActiveCfg = Debug|Any CPU
		{9A4681A3-FACC-452C-BD8F-72B3FBEC33FA}.Debug|Any CPU.Build.0 = Debug|Any CPU
		{9A4681A3-FACC-452C-BD8F-72B3FBEC33FA}.Release|Any CPU.ActiveCfg = Release|Any CPU
		{9A4681A3-FACC-452C-BD8F-72B3FBEC33FA}.Release|Any CPU.Build.0 = Release|Any CPU
		{42D36988-B9B8-4D97-B78B-470D8DA7F7BB}.Debug|Any CPU.ActiveCfg = Debug|Any CPU
		{42D36988-B9B8-4D97-B78B-470D8DA7F7BB}.Debug|Any CPU.Build.0 = Debug|Any CPU
		{42D36988-B9B8-4D97-B78B-470D8DA7F7BB}.Release|Any CPU.ActiveCfg = Release|Any CPU
		{42D36988-B9B8-4D97-B78B-470D8DA7F7BB}.Release|Any CPU.Build.0 = Release|Any CPU
	EndGlobalSection
	GlobalSection(SolutionProperties) = preSolution
		HideSolutionNode = FALSE
	EndGlobalSection
	GlobalSection(ExtensibilityGlobals) = postSolution
		SolutionGuid = {C072AD52-9DB1-4DFB-9538-00C05395D42A}
	EndGlobalSection
EndGlobal
