
Microsoft Visual Studio Solution File, Format Version 12.00
# Visual Studio Version 16
VisualStudioVersion = 16.0.30804.86
MinimumVisualStudioVersion = 10.0.40219.1
Project("{9A19103F-16F7-4668-BE54-9A1E7A4F7556}") = "BackEnd", "ApplicationLayer\BackEnd.csproj", "{AB3E56BF-1DFC-466C-88D3-556995F016B7}"
EndProject
Project("{9A19103F-16F7-4668-BE54-9A1E7A4F7556}") = "DataAccess", "DataAccessLayer\DataAccess.csproj", "{12522572-8FA2-4D24-8E35-2152B909CE27}"
EndProject
Project("{2150E333-8FDC-42A3-9474-1A3956D46DE8}") = "Application", "Application", "{6868CF9B-7D22-4F7C-9CCE-706053EF4C5D}"
EndProject
Project("{2150E333-8FDC-42A3-9474-1A3956D46DE8}") = "Support", "Support", "{4ADCB342-48E7-4F74-81B7-33B6CA0B6ABB}"
EndProject
Project("{FAE04EC0-301F-11D3-BF4B-00C04F79EFBC}") = "FrontEnd", "FrontEnd\FrontEnd.csproj", "{F1795A6A-891B-4C83-9767-AD54E710EB5E}"
EndProject
Project("{FAE04EC0-301F-11D3-BF4B-00C04F79EFBC}") = "BackgroundService", "BackgroundService\BackgroundService.csproj", "{5230EEA0-D132-42EF-AEAB-7952CEDAE128}"
EndProject
Global
	GlobalSection(SolutionConfigurationPlatforms) = preSolution
		Debug|Any CPU = Debug|Any CPU
		Release|Any CPU = Release|Any CPU
	EndGlobalSection
	GlobalSection(ProjectConfigurationPlatforms) = postSolution
		{AB3E56BF-1DFC-466C-88D3-556995F016B7}.Debug|Any CPU.ActiveCfg = Debug|Any CPU
		{AB3E56BF-1DFC-466C-88D3-556995F016B7}.Debug|Any CPU.Build.0 = Debug|Any CPU
		{AB3E56BF-1DFC-466C-88D3-556995F016B7}.Release|Any CPU.ActiveCfg = Release|Any CPU
		{AB3E56BF-1DFC-466C-88D3-556995F016B7}.Release|Any CPU.Build.0 = Release|Any CPU
		{12522572-8FA2-4D24-8E35-2152B909CE27}.Debug|Any CPU.ActiveCfg = Debug|Any CPU
		{12522572-8FA2-4D24-8E35-2152B909CE27}.Debug|Any CPU.Build.0 = Debug|Any CPU
		{12522572-8FA2-4D24-8E35-2152B909CE27}.Release|Any CPU.ActiveCfg = Release|Any CPU
		{12522572-8FA2-4D24-8E35-2152B909CE27}.Release|Any CPU.Build.0 = Release|Any CPU
		{F1795A6A-891B-4C83-9767-AD54E710EB5E}.Debug|Any CPU.ActiveCfg = Debug|Any CPU
		{F1795A6A-891B-4C83-9767-AD54E710EB5E}.Debug|Any CPU.Build.0 = Debug|Any CPU
		{F1795A6A-891B-4C83-9767-AD54E710EB5E}.Release|Any CPU.ActiveCfg = Release|Any CPU
		{F1795A6A-891B-4C83-9767-AD54E710EB5E}.Release|Any CPU.Build.0 = Release|Any CPU
		{5230EEA0-D132-42EF-AEAB-7952CEDAE128}.Debug|Any CPU.ActiveCfg = Debug|Any CPU
		{5230EEA0-D132-42EF-AEAB-7952CEDAE128}.Debug|Any CPU.Build.0 = Debug|Any CPU
		{5230EEA0-D132-42EF-AEAB-7952CEDAE128}.Release|Any CPU.ActiveCfg = Release|Any CPU
		{5230EEA0-D132-42EF-AEAB-7952CEDAE128}.Release|Any CPU.Build.0 = Release|Any CPU
	EndGlobalSection
	GlobalSection(SolutionProperties) = preSolution
		HideSolutionNode = FALSE
	EndGlobalSection
	GlobalSection(NestedProjects) = preSolution
		{AB3E56BF-1DFC-466C-88D3-556995F016B7} = {6868CF9B-7D22-4F7C-9CCE-706053EF4C5D}
		{12522572-8FA2-4D24-8E35-2152B909CE27} = {6868CF9B-7D22-4F7C-9CCE-706053EF4C5D}
		{F1795A6A-891B-4C83-9767-AD54E710EB5E} = {6868CF9B-7D22-4F7C-9CCE-706053EF4C5D}
		{5230EEA0-D132-42EF-AEAB-7952CEDAE128} = {4ADCB342-48E7-4F74-81B7-33B6CA0B6ABB}
	EndGlobalSection
	GlobalSection(ExtensibilityGlobals) = postSolution
		SolutionGuid = {C072AD52-9DB1-4DFB-9538-00C05395D42A}
	EndGlobalSection
EndGlobal
